
Microsoft Visual Studio Solution File, Format Version 12.00
# Visual Studio Version 17
VisualStudioVersion = 17.11.35312.102
MinimumVisualStudioVersion = 10.0.40219.1
Project("{FAE04EC0-301F-11D3-BF4B-00C04F79EFBC}") = "PropertiesAndIndexerApplication", "PropertiesAndIndexerApplication\PropertiesAndIndexerApplication.csproj", "{196DC044-5630-4A93-9F83-ECEF8100790F}"
EndProject
Global
	GlobalSection(SolutionConfigurationPlatforms) = preSolution
		Debug|Any CPU = Debug|Any CPU
		Release|Any CPU = Release|Any CPU
	EndGlobalSection
	GlobalSection(ProjectConfigurationPlatforms) = postSolution
		{196DC044-5630-4A93-9F83-ECEF8100790F}.Debug|Any CPU.ActiveCfg = Debug|Any CPU
		{196DC044-5630-4A93-9F83-ECEF8100790F}.Debug|Any CPU.Build.0 = Debug|Any CPU
		{196DC044-5630-4A93-9F83-ECEF8100790F}.Release|Any CPU.ActiveCfg = Release|Any CPU
		{196DC044-5630-4A93-9F83-ECEF8100790F}.Release|Any CPU.Build.0 = Release|Any CPU
	EndGlobalSection
	GlobalSection(SolutionProperties) = preSolution
		HideSolutionNode = FALSE
	EndGlobalSection
	GlobalSection(ExtensibilityGlobals) = postSolution
		SolutionGuid = {58CE7C93-BBF7-404E-96AA-813BA6F25B46}
	EndGlobalSection
EndGlobal
